// !$*UTF8*$!
{
	archiveVersion = 1;
	classes = {
	};
	objectVersion = 46;
	objects = {

/* Begin PBXBuildFile section */
		401CA0DB19323F4400B735BD /* MyAssetsBrowserViewController.m in Sources */ = {isa = PBXBuildFile; fileRef = 401CA0DA19323F4400B735BD /* MyAssetsBrowserViewController.m */; };
		401EC976193392460034456F /* MyPhotoBrowser.m in Sources */ = {isa = PBXBuildFile; fileRef = 401EC973193392460034456F /* MyPhotoBrowser.m */; };
		401EC977193392460034456F /* MyPhotoPageVIew.m in Sources */ = {isa = PBXBuildFile; fileRef = 401EC975193392460034456F /* MyPhotoPageVIew.m */; };
		40294E3A1930DC0C00E30B5A /* Foundation.framework in Frameworks */ = {isa = PBXBuildFile; fileRef = 40294E391930DC0C00E30B5A /* Foundation.framework */; };
		40294E3C1930DC0C00E30B5A /* CoreGraphics.framework in Frameworks */ = {isa = PBXBuildFile; fileRef = 40294E3B1930DC0C00E30B5A /* CoreGraphics.framework */; };
		40294E3E1930DC0C00E30B5A /* UIKit.framework in Frameworks */ = {isa = PBXBuildFile; fileRef = 40294E3D1930DC0C00E30B5A /* UIKit.framework */; };
		40294E441930DC0C00E30B5A /* InfoPlist.strings in Resources */ = {isa = PBXBuildFile; fileRef = 40294E421930DC0C00E30B5A /* InfoPlist.strings */; };
		40294E461930DC0C00E30B5A /* main.m in Sources */ = {isa = PBXBuildFile; fileRef = 40294E451930DC0C00E30B5A /* main.m */; };
		40294E4A1930DC0C00E30B5A /* MyAppDelegate.m in Sources */ = {isa = PBXBuildFile; fileRef = 40294E491930DC0C00E30B5A /* MyAppDelegate.m */; };
		40294E4D1930DC0C00E30B5A /* Main.storyboard in Resources */ = {isa = PBXBuildFile; fileRef = 40294E4B1930DC0C00E30B5A /* Main.storyboard */; };
		40294E501930DC0C00E30B5A /* MyViewController.m in Sources */ = {isa = PBXBuildFile; fileRef = 40294E4F1930DC0C00E30B5A /* MyViewController.m */; };
		40294E521930DC0C00E30B5A /* Images.xcassets in Resources */ = {isa = PBXBuildFile; fileRef = 40294E511930DC0C00E30B5A /* Images.xcassets */; };
		40294E591930DC0C00E30B5A /* XCTest.framework in Frameworks */ = {isa = PBXBuildFile; fileRef = 40294E581930DC0C00E30B5A /* XCTest.framework */; };
		40294E5A1930DC0C00E30B5A /* Foundation.framework in Frameworks */ = {isa = PBXBuildFile; fileRef = 40294E391930DC0C00E30B5A /* Foundation.framework */; };
		40294E5B1930DC0C00E30B5A /* UIKit.framework in Frameworks */ = {isa = PBXBuildFile; fileRef = 40294E3D1930DC0C00E30B5A /* UIKit.framework */; };
		40294E631930DC0C00E30B5A /* InfoPlist.strings in Resources */ = {isa = PBXBuildFile; fileRef = 40294E611930DC0C00E30B5A /* InfoPlist.strings */; };
		40294E651930DC0C00E30B5A /* MyImagePickerControllerDemoTests.m in Sources */ = {isa = PBXBuildFile; fileRef = 40294E641930DC0C00E30B5A /* MyImagePickerControllerDemoTests.m */; };
		40294E851930DCF900E30B5A /* MyImagePickerViewController.m in Sources */ = {isa = PBXBuildFile; fileRef = 40294E841930DCF900E30B5A /* MyImagePickerViewController.m */; };
		40294E8B1930E09400E30B5A /* MyImagePickerRootViewController.m in Sources */ = {isa = PBXBuildFile; fileRef = 40294E8A1930E09400E30B5A /* MyImagePickerRootViewController.m */; };
		403D49F91931BF4B006C82EB /* MyImagePickerGroupCell.m in Sources */ = {isa = PBXBuildFile; fileRef = 403D49F81931BF4B006C82EB /* MyImagePickerGroupCell.m */; };
		4053D83A1930EE8500D17532 /* MyAssetsCollectionViewController.m in Sources */ = {isa = PBXBuildFile; fileRef = 4053D8391930EE8500D17532 /* MyAssetsCollectionViewController.m */; };
		4053D83D1930EF4F00D17532 /* MyAssetsCollectionViewLayout.m in Sources */ = {isa = PBXBuildFile; fileRef = 4053D83C1930EF4F00D17532 /* MyAssetsCollectionViewLayout.m */; };
		4053D8401930F24700D17532 /* MyAssetsCollectionViewCell.m in Sources */ = {isa = PBXBuildFile; fileRef = 4053D83F1930F24700D17532 /* MyAssetsCollectionViewCell.m */; };
/* End PBXBuildFile section */

/* Begin PBXContainerItemProxy section */
		40294E5C1930DC0C00E30B5A /* PBXContainerItemProxy */ = {
			isa = PBXContainerItemProxy;
			containerPortal = 40294E2E1930DC0C00E30B5A /* Project object */;
			proxyType = 1;
			remoteGlobalIDString = 40294E351930DC0C00E30B5A;
			remoteInfo = MyImagePickerControllerDemo;
		};
/* End PBXContainerItemProxy section */

/* Begin PBXFileReference section */
		401CA0D919323F4400B735BD /* MyAssetsBrowserViewController.h */ = {isa = PBXFileReference; fileEncoding = 4; lastKnownFileType = sourcecode.c.h; path = MyAssetsBrowserViewController.h; sourceTree = "<group>"; };
		401CA0DA19323F4400B735BD /* MyAssetsBrowserViewController.m */ = {isa = PBXFileReference; fileEncoding = 4; lastKnownFileType = sourcecode.c.objc; path = MyAssetsBrowserViewController.m; sourceTree = "<group>"; };
		401EC972193392460034456F /* MyPhotoBrowser.h */ = {isa = PBXFileReference; fileEncoding = 4; lastKnownFileType = sourcecode.c.h; path = MyPhotoBrowser.h; sourceTree = "<group>"; };
		401EC973193392460034456F /* MyPhotoBrowser.m */ = {isa = PBXFileReference; fileEncoding = 4; lastKnownFileType = sourcecode.c.objc; path = MyPhotoBrowser.m; sourceTree = "<group>"; };
		401EC974193392460034456F /* MyPhotoPageView.h */ = {isa = PBXFileReference; fileEncoding = 4; lastKnownFileType = sourcecode.c.h; path = MyPhotoPageView.h; sourceTree = "<group>"; };
		401EC975193392460034456F /* MyPhotoPageVIew.m */ = {isa = PBXFileReference; fileEncoding = 4; lastKnownFileType = sourcecode.c.objc; path = MyPhotoPageVIew.m; sourceTree = "<group>"; };
		40294E361930DC0C00E30B5A /* MyImagePickerControllerDemo.app */ = {isa = PBXFileReference; explicitFileType = wrapper.application; includeInIndex = 0; path = MyImagePickerControllerDemo.app; sourceTree = BUILT_PRODUCTS_DIR; };
		40294E391930DC0C00E30B5A /* Foundation.framework */ = {isa = PBXFileReference; lastKnownFileType = wrapper.framework; name = Foundation.framework; path = System/Library/Frameworks/Foundation.framework; sourceTree = SDKROOT; };
		40294E3B1930DC0C00E30B5A /* CoreGraphics.framework */ = {isa = PBXFileReference; lastKnownFileType = wrapper.framework; name = CoreGraphics.framework; path = System/Library/Frameworks/CoreGraphics.framework; sourceTree = SDKROOT; };
		40294E3D1930DC0C00E30B5A /* UIKit.framework */ = {isa = PBXFileReference; lastKnownFileType = wrapper.framework; name = UIKit.framework; path = System/Library/Frameworks/UIKit.framework; sourceTree = SDKROOT; };
		40294E411930DC0C00E30B5A /* MyImagePickerControllerDemo-Info.plist */ = {isa = PBXFileReference; lastKnownFileType = text.plist.xml; path = "MyImagePickerControllerDemo-Info.plist"; sourceTree = "<group>"; };
		40294E431930DC0C00E30B5A /* en */ = {isa = PBXFileReference; lastKnownFileType = text.plist.strings; name = en; path = en.lproj/InfoPlist.strings; sourceTree = "<group>"; };
		40294E451930DC0C00E30B5A /* main.m */ = {isa = PBXFileReference; lastKnownFileType = sourcecode.c.objc; path = main.m; sourceTree = "<group>"; };
		40294E471930DC0C00E30B5A /* MyImagePickerControllerDemo-Prefix.pch */ = {isa = PBXFileReference; lastKnownFileType = sourcecode.c.h; path = "MyImagePickerControllerDemo-Prefix.pch"; sourceTree = "<group>"; };
		40294E481930DC0C00E30B5A /* MyAppDelegate.h */ = {isa = PBXFileReference; lastKnownFileType = sourcecode.c.h; path = MyAppDelegate.h; sourceTree = "<group>"; };
		40294E491930DC0C00E30B5A /* MyAppDelegate.m */ = {isa = PBXFileReference; lastKnownFileType = sourcecode.c.objc; path = MyAppDelegate.m; sourceTree = "<group>"; };
		40294E4C1930DC0C00E30B5A /* Base */ = {isa = PBXFileReference; lastKnownFileType = file.storyboard; name = Base; path = Base.lproj/Main.storyboard; sourceTree = "<group>"; };
		40294E4E1930DC0C00E30B5A /* MyViewController.h */ = {isa = PBXFileReference; lastKnownFileType = sourcecode.c.h; path = MyViewController.h; sourceTree = "<group>"; };
		40294E4F1930DC0C00E30B5A /* MyViewController.m */ = {isa = PBXFileReference; lastKnownFileType = sourcecode.c.objc; path = MyViewController.m; sourceTree = "<group>"; };
		40294E511930DC0C00E30B5A /* Images.xcassets */ = {isa = PBXFileReference; lastKnownFileType = folder.assetcatalog; path = Images.xcassets; sourceTree = "<group>"; };
		40294E571930DC0C00E30B5A /* MyImagePickerControllerDemoTests.xctest */ = {isa = PBXFileReference; explicitFileType = wrapper.cfbundle; includeInIndex = 0; path = MyImagePickerControllerDemoTests.xctest; sourceTree = BUILT_PRODUCTS_DIR; };
		40294E581930DC0C00E30B5A /* XCTest.framework */ = {isa = PBXFileReference; lastKnownFileType = wrapper.framework; name = XCTest.framework; path = Library/Frameworks/XCTest.framework; sourceTree = DEVELOPER_DIR; };
		40294E601930DC0C00E30B5A /* MyImagePickerControllerDemoTests-Info.plist */ = {isa = PBXFileReference; lastKnownFileType = text.plist.xml; path = "MyImagePickerControllerDemoTests-Info.plist"; sourceTree = "<group>"; };
		40294E621930DC0C00E30B5A /* en */ = {isa = PBXFileReference; lastKnownFileType = text.plist.strings; name = en; path = en.lproj/InfoPlist.strings; sourceTree = "<group>"; };
		40294E641930DC0C00E30B5A /* MyImagePickerControllerDemoTests.m */ = {isa = PBXFileReference; lastKnownFileType = sourcecode.c.objc; path = MyImagePickerControllerDemoTests.m; sourceTree = "<group>"; };
		40294E831930DCF900E30B5A /* MyImagePickerViewController.h */ = {isa = PBXFileReference; fileEncoding = 4; lastKnownFileType = sourcecode.c.h; path = MyImagePickerViewController.h; sourceTree = "<group>"; };
		40294E841930DCF900E30B5A /* MyImagePickerViewController.m */ = {isa = PBXFileReference; fileEncoding = 4; lastKnownFileType = sourcecode.c.objc; path = MyImagePickerViewController.m; sourceTree = "<group>"; };
		40294E891930E09400E30B5A /* MyImagePickerRootViewController.h */ = {isa = PBXFileReference; fileEncoding = 4; lastKnownFileType = sourcecode.c.h; path = MyImagePickerRootViewController.h; sourceTree = "<group>"; };
		40294E8A1930E09400E30B5A /* MyImagePickerRootViewController.m */ = {isa = PBXFileReference; fileEncoding = 4; lastKnownFileType = sourcecode.c.objc; path = MyImagePickerRootViewController.m; sourceTree = "<group>"; };
		403D49F71931BF4B006C82EB /* MyImagePickerGroupCell.h */ = {isa = PBXFileReference; fileEncoding = 4; lastKnownFileType = sourcecode.c.h; path = MyImagePickerGroupCell.h; sourceTree = "<group>"; };
		403D49F81931BF4B006C82EB /* MyImagePickerGroupCell.m */ = {isa = PBXFileReference; fileEncoding = 4; lastKnownFileType = sourcecode.c.objc; path = MyImagePickerGroupCell.m; sourceTree = "<group>"; };
		4053D8381930EE8500D17532 /* MyAssetsCollectionViewController.h */ = {isa = PBXFileReference; fileEncoding = 4; lastKnownFileType = sourcecode.c.h; path = MyAssetsCollectionViewController.h; sourceTree = "<group>"; };
		4053D8391930EE8500D17532 /* MyAssetsCollectionViewController.m */ = {isa = PBXFileReference; fileEncoding = 4; lastKnownFileType = sourcecode.c.objc; path = MyAssetsCollectionViewController.m; sourceTree = "<group>"; };
		4053D83B1930EF4F00D17532 /* MyAssetsCollectionViewLayout.h */ = {isa = PBXFileReference; fileEncoding = 4; lastKnownFileType = sourcecode.c.h; path = MyAssetsCollectionViewLayout.h; sourceTree = "<group>"; };
		4053D83C1930EF4F00D17532 /* MyAssetsCollectionViewLayout.m */ = {isa = PBXFileReference; fileEncoding = 4; lastKnownFileType = sourcecode.c.objc; path = MyAssetsCollectionViewLayout.m; sourceTree = "<group>"; };
		4053D83E1930F24700D17532 /* MyAssetsCollectionViewCell.h */ = {isa = PBXFileReference; fileEncoding = 4; lastKnownFileType = sourcecode.c.h; path = MyAssetsCollectionViewCell.h; sourceTree = "<group>"; };
		4053D83F1930F24700D17532 /* MyAssetsCollectionViewCell.m */ = {isa = PBXFileReference; fileEncoding = 4; lastKnownFileType = sourcecode.c.objc; path = MyAssetsCollectionViewCell.m; sourceTree = "<group>"; };
/* End PBXFileReference section */

/* Begin PBXFrameworksBuildPhase section */
		40294E331930DC0C00E30B5A /* Frameworks */ = {
			isa = PBXFrameworksBuildPhase;
			buildActionMask = 2147483647;
			files = (
				40294E3C1930DC0C00E30B5A /* CoreGraphics.framework in Frameworks */,
				40294E3E1930DC0C00E30B5A /* UIKit.framework in Frameworks */,
				40294E3A1930DC0C00E30B5A /* Foundation.framework in Frameworks */,
			);
			runOnlyForDeploymentPostprocessing = 0;
		};
		40294E541930DC0C00E30B5A /* Frameworks */ = {
			isa = PBXFrameworksBuildPhase;
			buildActionMask = 2147483647;
			files = (
				40294E591930DC0C00E30B5A /* XCTest.framework in Frameworks */,
				40294E5B1930DC0C00E30B5A /* UIKit.framework in Frameworks */,
				40294E5A1930DC0C00E30B5A /* Foundation.framework in Frameworks */,
			);
			runOnlyForDeploymentPostprocessing = 0;
		};
/* End PBXFrameworksBuildPhase section */

/* Begin PBXGroup section */
		401EC971193392460034456F /* MyPhotoBrowser */ = {
			isa = PBXGroup;
			children = (
				401EC972193392460034456F /* MyPhotoBrowser.h */,
				401EC973193392460034456F /* MyPhotoBrowser.m */,
				401EC974193392460034456F /* MyPhotoPageView.h */,
				401EC975193392460034456F /* MyPhotoPageVIew.m */,
			);
			path = MyPhotoBrowser;
			sourceTree = "<group>";
		};
		40294E2D1930DC0C00E30B5A = {
			isa = PBXGroup;
			children = (
				401EC971193392460034456F /* MyPhotoBrowser */,
				40294E821930DCDF00E30B5A /* MyImagePickerController */,
				40294E3F1930DC0C00E30B5A /* MyImagePickerControllerDemo */,
				40294E5E1930DC0C00E30B5A /* MyImagePickerControllerDemoTests */,
				40294E381930DC0C00E30B5A /* Frameworks */,
				40294E371930DC0C00E30B5A /* Products */,
			);
			sourceTree = "<group>";
		};
		40294E371930DC0C00E30B5A /* Products */ = {
			isa = PBXGroup;
			children = (
				40294E361930DC0C00E30B5A /* MyImagePickerControllerDemo.app */,
				40294E571930DC0C00E30B5A /* MyImagePickerControllerDemoTests.xctest */,
			);
			name = Products;
			sourceTree = "<group>";
		};
		40294E381930DC0C00E30B5A /* Frameworks */ = {
			isa = PBXGroup;
			children = (
				40294E391930DC0C00E30B5A /* Foundation.framework */,
				40294E3B1930DC0C00E30B5A /* CoreGraphics.framework */,
				40294E3D1930DC0C00E30B5A /* UIKit.framework */,
				40294E581930DC0C00E30B5A /* XCTest.framework */,
			);
			name = Frameworks;
			sourceTree = "<group>";
		};
		40294E3F1930DC0C00E30B5A /* MyImagePickerControllerDemo */ = {
			isa = PBXGroup;
			children = (
				40294E481930DC0C00E30B5A /* MyAppDelegate.h */,
				40294E491930DC0C00E30B5A /* MyAppDelegate.m */,
				40294E4B1930DC0C00E30B5A /* Main.storyboard */,
				40294E4E1930DC0C00E30B5A /* MyViewController.h */,
				40294E4F1930DC0C00E30B5A /* MyViewController.m */,
				40294E511930DC0C00E30B5A /* Images.xcassets */,
				40294E401930DC0C00E30B5A /* Supporting Files */,
			);
			path = MyImagePickerControllerDemo;
			sourceTree = "<group>";
		};
		40294E401930DC0C00E30B5A /* Supporting Files */ = {
			isa = PBXGroup;
			children = (
				40294E411930DC0C00E30B5A /* MyImagePickerControllerDemo-Info.plist */,
				40294E421930DC0C00E30B5A /* InfoPlist.strings */,
				40294E451930DC0C00E30B5A /* main.m */,
				40294E471930DC0C00E30B5A /* MyImagePickerControllerDemo-Prefix.pch */,
			);
			name = "Supporting Files";
			sourceTree = "<group>";
		};
		40294E5E1930DC0C00E30B5A /* MyImagePickerControllerDemoTests */ = {
			isa = PBXGroup;
			children = (
				40294E641930DC0C00E30B5A /* MyImagePickerControllerDemoTests.m */,
				40294E5F1930DC0C00E30B5A /* Supporting Files */,
			);
			path = MyImagePickerControllerDemoTests;
			sourceTree = "<group>";
		};
		40294E5F1930DC0C00E30B5A /* Supporting Files */ = {
			isa = PBXGroup;
			children = (
				40294E601930DC0C00E30B5A /* MyImagePickerControllerDemoTests-Info.plist */,
				40294E611930DC0C00E30B5A /* InfoPlist.strings */,
			);
			name = "Supporting Files";
			sourceTree = "<group>";
		};
		40294E821930DCDF00E30B5A /* MyImagePickerController */ = {
			isa = PBXGroup;
			children = (
				40294E831930DCF900E30B5A /* MyImagePickerViewController.h */,
				40294E841930DCF900E30B5A /* MyImagePickerViewController.m */,
				40294E891930E09400E30B5A /* MyImagePickerRootViewController.h */,
				40294E8A1930E09400E30B5A /* MyImagePickerRootViewController.m */,
				4053D8381930EE8500D17532 /* MyAssetsCollectionViewController.h */,
				4053D8391930EE8500D17532 /* MyAssetsCollectionViewController.m */,
				4053D83B1930EF4F00D17532 /* MyAssetsCollectionViewLayout.h */,
				4053D83C1930EF4F00D17532 /* MyAssetsCollectionViewLayout.m */,
				4053D83E1930F24700D17532 /* MyAssetsCollectionViewCell.h */,
				4053D83F1930F24700D17532 /* MyAssetsCollectionViewCell.m */,
				403D49F71931BF4B006C82EB /* MyImagePickerGroupCell.h */,
				403D49F81931BF4B006C82EB /* MyImagePickerGroupCell.m */,
				401CA0D919323F4400B735BD /* MyAssetsBrowserViewController.h */,
				401CA0DA19323F4400B735BD /* MyAssetsBrowserViewController.m */,
			);
			path = MyImagePickerController;
			sourceTree = "<group>";
		};
/* End PBXGroup section */

/* Begin PBXNativeTarget section */
		40294E351930DC0C00E30B5A /* MyImagePickerControllerDemo */ = {
			isa = PBXNativeTarget;
			buildConfigurationList = 40294E681930DC0C00E30B5A /* Build configuration list for PBXNativeTarget "MyImagePickerControllerDemo" */;
			buildPhases = (
				40294E321930DC0C00E30B5A /* Sources */,
				40294E331930DC0C00E30B5A /* Frameworks */,
				40294E341930DC0C00E30B5A /* Resources */,
			);
			buildRules = (
			);
			dependencies = (
			);
			name = MyImagePickerControllerDemo;
			productName = MyImagePickerControllerDemo;
			productReference = 40294E361930DC0C00E30B5A /* MyImagePickerControllerDemo.app */;
			productType = "com.apple.product-type.application";
		};
		40294E561930DC0C00E30B5A /* MyImagePickerControllerDemoTests */ = {
			isa = PBXNativeTarget;
			buildConfigurationList = 40294E6B1930DC0C00E30B5A /* Build configuration list for PBXNativeTarget "MyImagePickerControllerDemoTests" */;
			buildPhases = (
				40294E531930DC0C00E30B5A /* Sources */,
				40294E541930DC0C00E30B5A /* Frameworks */,
				40294E551930DC0C00E30B5A /* Resources */,
			);
			buildRules = (
			);
			dependencies = (
				40294E5D1930DC0C00E30B5A /* PBXTargetDependency */,
			);
			name = MyImagePickerControllerDemoTests;
			productName = MyImagePickerControllerDemoTests;
			productReference = 40294E571930DC0C00E30B5A /* MyImagePickerControllerDemoTests.xctest */;
			productType = "com.apple.product-type.bundle.unit-test";
		};
/* End PBXNativeTarget section */

/* Begin PBXProject section */
		40294E2E1930DC0C00E30B5A /* Project object */ = {
			isa = PBXProject;
			attributes = {
				CLASSPREFIX = My;
				LastUpgradeCheck = 0510;
				ORGANIZATIONNAME = Petey;
				TargetAttributes = {
					40294E561930DC0C00E30B5A = {
						TestTargetID = 40294E351930DC0C00E30B5A;
					};
				};
			};
			buildConfigurationList = 40294E311930DC0C00E30B5A /* Build configuration list for PBXProject "MyImagePickerControllerDemo" */;
			compatibilityVersion = "Xcode 3.2";
			developmentRegion = English;
			hasScannedForEncodings = 0;
			knownRegions = (
				en,
				Base,
			);
			mainGroup = 40294E2D1930DC0C00E30B5A;
			productRefGroup = 40294E371930DC0C00E30B5A /* Products */;
			projectDirPath = "";
			projectRoot = "";
			targets = (
				40294E351930DC0C00E30B5A /* MyImagePickerControllerDemo */,
				40294E561930DC0C00E30B5A /* MyImagePickerControllerDemoTests */,
			);
		};
/* End PBXProject section */

/* Begin PBXResourcesBuildPhase section */
		40294E341930DC0C00E30B5A /* Resources */ = {
			isa = PBXResourcesBuildPhase;
			buildActionMask = 2147483647;
			files = (
				40294E521930DC0C00E30B5A /* Images.xcassets in Resources */,
				40294E441930DC0C00E30B5A /* InfoPlist.strings in Resources */,
				40294E4D1930DC0C00E30B5A /* Main.storyboard in Resources */,
			);
			runOnlyForDeploymentPostprocessing = 0;
		};
		40294E551930DC0C00E30B5A /* Resources */ = {
			isa = PBXResourcesBuildPhase;
			buildActionMask = 2147483647;
			files = (
				40294E631930DC0C00E30B5A /* InfoPlist.strings in Resources */,
			);
			runOnlyForDeploymentPostprocessing = 0;
		};
/* End PBXResourcesBuildPhase section */

/* Begin PBXSourcesBuildPhase section */
		40294E321930DC0C00E30B5A /* Sources */ = {
			isa = PBXSourcesBuildPhase;
			buildActionMask = 2147483647;
			files = (
				4053D83D1930EF4F00D17532 /* MyAssetsCollectionViewLayout.m in Sources */,
				401CA0DB19323F4400B735BD /* MyAssetsBrowserViewController.m in Sources */,
				40294E501930DC0C00E30B5A /* MyViewController.m in Sources */,
				401EC976193392460034456F /* MyPhotoBrowser.m in Sources */,
				40294E8B1930E09400E30B5A /* MyImagePickerRootViewController.m in Sources */,
				40294E4A1930DC0C00E30B5A /* MyAppDelegate.m in Sources */,
				403D49F91931BF4B006C82EB /* MyImagePickerGroupCell.m in Sources */,
				4053D83A1930EE8500D17532 /* MyAssetsCollectionViewController.m in Sources */,
				401EC977193392460034456F /* MyPhotoPageVIew.m in Sources */,
				40294E851930DCF900E30B5A /* MyImagePickerViewController.m in Sources */,
				40294E461930DC0C00E30B5A /* main.m in Sources */,
				4053D8401930F24700D17532 /* MyAssetsCollectionViewCell.m in Sources */,
			);
			runOnlyForDeploymentPostprocessing = 0;
		};
		40294E531930DC0C00E30B5A /* Sources */ = {
			isa = PBXSourcesBuildPhase;
			buildActionMask = 2147483647;
			files = (
				40294E651930DC0C00E30B5A /* MyImagePickerControllerDemoTests.m in Sources */,
			);
			runOnlyForDeploymentPostprocessing = 0;
		};
/* End PBXSourcesBuildPhase section */

/* Begin PBXTargetDependency section */
		40294E5D1930DC0C00E30B5A /* PBXTargetDependency */ = {
			isa = PBXTargetDependency;
			target = 40294E351930DC0C00E30B5A /* MyImagePickerControllerDemo */;
			targetProxy = 40294E5C1930DC0C00E30B5A /* PBXContainerItemProxy */;
		};
/* End PBXTargetDependency section */

/* Begin PBXVariantGroup section */
		40294E421930DC0C00E30B5A /* InfoPlist.strings */ = {
			isa = PBXVariantGroup;
			children = (
				40294E431930DC0C00E30B5A /* en */,
			);
			name = InfoPlist.strings;
			sourceTree = "<group>";
		};
		40294E4B1930DC0C00E30B5A /* Main.storyboard */ = {
			isa = PBXVariantGroup;
			children = (
				40294E4C1930DC0C00E30B5A /* Base */,
			);
			name = Main.storyboard;
			sourceTree = "<group>";
		};
		40294E611930DC0C00E30B5A /* InfoPlist.strings */ = {
			isa = PBXVariantGroup;
			children = (
				40294E621930DC0C00E30B5A /* en */,
			);
			name = InfoPlist.strings;
			sourceTree = "<group>";
		};
/* End PBXVariantGroup section */

/* Begin XCBuildConfiguration section */
		40294E661930DC0C00E30B5A /* Debug */ = {
			isa = XCBuildConfiguration;
			buildSettings = {
				ALWAYS_SEARCH_USER_PATHS = NO;
				CLANG_CXX_LANGUAGE_STANDARD = "gnu++0x";
				CLANG_CXX_LIBRARY = "libc++";
				CLANG_ENABLE_MODULES = YES;
				CLANG_ENABLE_OBJC_ARC = YES;
				CLANG_WARN_BOOL_CONVERSION = YES;
				CLANG_WARN_CONSTANT_CONVERSION = YES;
				CLANG_WARN_DIRECT_OBJC_ISA_USAGE = YES_ERROR;
				CLANG_WARN_EMPTY_BODY = YES;
				CLANG_WARN_ENUM_CONVERSION = YES;
				CLANG_WARN_INT_CONVERSION = YES;
				CLANG_WARN_OBJC_ROOT_CLASS = YES_ERROR;
				CLANG_WARN__DUPLICATE_METHOD_MATCH = YES;
				"CODE_SIGN_IDENTITY[sdk=iphoneos*]" = "iPhone Developer";
				COPY_PHASE_STRIP = NO;
				GCC_C_LANGUAGE_STANDARD = gnu99;
				GCC_DYNAMIC_NO_PIC = NO;
				GCC_OPTIMIZATION_LEVEL = 0;
				GCC_PREPROCESSOR_DEFINITIONS = (
					"DEBUG=1",
					"$(inherited)",
				);
				GCC_SYMBOLS_PRIVATE_EXTERN = NO;
				GCC_WARN_64_TO_32_BIT_CONVERSION = YES;
				GCC_WARN_ABOUT_RETURN_TYPE = YES_ERROR;
				GCC_WARN_UNDECLARED_SELECTOR = YES;
				GCC_WARN_UNINITIALIZED_AUTOS = YES_AGGRESSIVE;
				GCC_WARN_UNUSED_FUNCTION = YES;
				GCC_WARN_UNUSED_VARIABLE = YES;
				IPHONEOS_DEPLOYMENT_TARGET = 7.1;
				ONLY_ACTIVE_ARCH = YES;
				SDKROOT = iphoneos;
			};
			name = Debug;
		};
		40294E671930DC0C00E30B5A /* Release */ = {
			isa = XCBuildConfiguration;
			buildSettings = {
				ALWAYS_SEARCH_USER_PATHS = NO;
				CLANG_CXX_LANGUAGE_STANDARD = "gnu++0x";
				CLANG_CXX_LIBRARY = "libc++";
				CLANG_ENABLE_MODULES = YES;
				CLANG_ENABLE_OBJC_ARC = YES;
				CLANG_WARN_BOOL_CONVERSION = YES;
				CLANG_WARN_CONSTANT_CONVERSION = YES;
				CLANG_WARN_DIRECT_OBJC_ISA_USAGE = YES_ERROR;
				CLANG_WARN_EMPTY_BODY = YES;
				CLANG_WARN_ENUM_CONVERSION = YES;
				CLANG_WARN_INT_CONVERSION = YES;
				CLANG_WARN_OBJC_ROOT_CLASS = YES_ERROR;
				CLANG_WARN__DUPLICATE_METHOD_MATCH = YES;
				"CODE_SIGN_IDENTITY[sdk=iphoneos*]" = "iPhone Developer";
				COPY_PHASE_STRIP = YES;
				ENABLE_NS_ASSERTIONS = NO;
				GCC_C_LANGUAGE_STANDARD = gnu99;
				GCC_WARN_64_TO_32_BIT_CONVERSION = YES;
				GCC_WARN_ABOUT_RETURN_TYPE = YES_ERROR;
				GCC_WARN_UNDECLARED_SELECTOR = YES;
				GCC_WARN_UNINITIALIZED_AUTOS = YES_AGGRESSIVE;
				GCC_WARN_UNUSED_FUNCTION = YES;
				GCC_WARN_UNUSED_VARIABLE = YES;
				IPHONEOS_DEPLOYMENT_TARGET = 7.1;
				SDKROOT = iphoneos;
				VALIDATE_PRODUCT = YES;
			};
			name = Release;
		};
		40294E691930DC0C00E30B5A /* Debug */ = {
			isa = XCBuildConfiguration;
			buildSettings = {
				ASSETCATALOG_COMPILER_APPICON_NAME = AppIcon;
				ASSETCATALOG_COMPILER_LAUNCHIMAGE_NAME = LaunchImage;
				GCC_PRECOMPILE_PREFIX_HEADER = YES;
				GCC_PREFIX_HEADER = "MyImagePickerControllerDemo/MyImagePickerControllerDemo-Prefix.pch";
				INFOPLIST_FILE = "MyImagePickerControllerDemo/MyImagePickerControllerDemo-Info.plist";
				PRODUCT_NAME = "$(TARGET_NAME)";
				WRAPPER_EXTENSION = app;
			};
			name = Debug;
		};
		40294E6A1930DC0C00E30B5A /* Release */ = {
			isa = XCBuildConfiguration;
			buildSettings = {
				ASSETCATALOG_COMPILER_APPICON_NAME = AppIcon;
				ASSETCATALOG_COMPILER_LAUNCHIMAGE_NAME = LaunchImage;
				GCC_PRECOMPILE_PREFIX_HEADER = YES;
				GCC_PREFIX_HEADER = "MyImagePickerControllerDemo/MyImagePickerControllerDemo-Prefix.pch";
				INFOPLIST_FILE = "MyImagePickerControllerDemo/MyImagePickerControllerDemo-Info.plist";
				PRODUCT_NAME = "$(TARGET_NAME)";
				WRAPPER_EXTENSION = app;
			};
			name = Release;
		};
		40294E6C1930DC0C00E30B5A /* Debug */ = {
			isa = XCBuildConfiguration;
			buildSettings = {
				BUNDLE_LOADER = "$(BUILT_PRODUCTS_DIR)/MyImagePickerControllerDemo.app/MyImagePickerControllerDemo";
				FRAMEWORK_SEARCH_PATHS = (
					"$(SDKROOT)/Developer/Library/Frameworks",
					"$(inherited)",
					"$(DEVELOPER_FRAMEWORKS_DIR)",
				);
				GCC_PRECOMPILE_PREFIX_HEADER = YES;
				GCC_PREFIX_HEADER = "MyImagePickerControllerDemo/MyImagePickerControllerDemo-Prefix.pch";
				GCC_PREPROCESSOR_DEFINITIONS = (
					"DEBUG=1",
					"$(inherited)",
				);
				INFOPLIST_FILE = "MyImagePickerControllerDemoTests/MyImagePickerControllerDemoTests-Info.plist";
				PRODUCT_NAME = "$(TARGET_NAME)";
				TEST_HOST = "$(BUNDLE_LOADER)";
				WRAPPER_EXTENSION = xctest;
			};
			name = Debug;
		};
		40294E6D1930DC0C00E30B5A /* Release */ = {
			isa = XCBuildConfiguration;
			buildSettings = {
				BUNDLE_LOADER = "$(BUILT_PRODUCTS_DIR)/MyImagePickerControllerDemo.app/MyImagePickerControllerDemo";
				FRAMEWORK_SEARCH_PATHS = (
					"$(SDKROOT)/Developer/Library/Frameworks",
					"$(inherited)",
					"$(DEVELOPER_FRAMEWORKS_DIR)",
				);
				GCC_PRECOMPILE_PREFIX_HEADER = YES;
				GCC_PREFIX_HEADER = "MyImagePickerControllerDemo/MyImagePickerControllerDemo-Prefix.pch";
				INFOPLIST_FILE = "MyImagePickerControllerDemoTests/MyImagePickerControllerDemoTests-Info.plist";
				PRODUCT_NAME = "$(TARGET_NAME)";
				TEST_HOST = "$(BUNDLE_LOADER)";
				WRAPPER_EXTENSION = xctest;
			};
			name = Release;
		};
/* End XCBuildConfiguration section */

/* Begin XCConfigurationList section */
		40294E311930DC0C00E30B5A /* Build configuration list for PBXProject "MyImagePickerControllerDemo" */ = {
			isa = XCConfigurationList;
			buildConfigurations = (
				40294E661930DC0C00E30B5A /* Debug */,
				40294E671930DC0C00E30B5A /* Release */,
			);
			defaultConfigurationIsVisible = 0;
			defaultConfigurationName = Release;
		};
		40294E681930DC0C00E30B5A /* Build configuration list for PBXNativeTarget "MyImagePickerControllerDemo" */ = {
			isa = XCConfigurationList;
			buildConfigurations = (
				40294E691930DC0C00E30B5A /* Debug */,
				40294E6A1930DC0C00E30B5A /* Release */,
			);
			defaultConfigurationIsVisible = 0;
			defaultConfigurationName = Release;
		};
		40294E6B1930DC0C00E30B5A /* Build configuration list for PBXNativeTarget "MyImagePickerControllerDemoTests" */ = {
			isa = XCConfigurationList;
			buildConfigurations = (
				40294E6C1930DC0C00E30B5A /* Debug */,
				40294E6D1930DC0C00E30B5A /* Release */,
			);
			defaultConfigurationIsVisible = 0;
			defaultConfigurationName = Release;
		};
/* End XCConfigurationList section */
	};
	rootObject = 40294E2E1930DC0C00E30B5A /* Project object */;
}
